
Microsoft Visual Studio Solution File, Format Version 12.00
# Visual Studio Version 16
VisualStudioVersion = 16.0.810.21
MinimumVisualStudioVersion = 10.0.40219.1
Project("{FAE04EC0-301F-11D3-BF4B-00C04F79EFBC}") = "am.kon.packages.net.lnd.rpc.router.models", "am.kon.packages.net.lnd.rpc.router.models\am.kon.packages.net.lnd.rpc.router.models.csproj", "{21F03287-2797-4F4D-AF81-0C1917475610}"
EndProject
Project("{2150E333-8FDC-42A3-9474-1A3956D46DE8}") = "Solution Items", "Solution Items", "{B1BDD202-157D-4C17-85DB-B0F2D4D266B1}"
	ProjectSection(SolutionItems) = preProject
		LICENSE = LICENSE
		README.md = README.md
	EndProjectSection
EndProject
Global
	GlobalSection(SolutionConfigurationPlatforms) = preSolution
		Debug|Any CPU = Debug|Any CPU
		Release|Any CPU = Release|Any CPU
	EndGlobalSection
	GlobalSection(ProjectConfigurationPlatforms) = postSolution
		{21F03287-2797-4F4D-AF81-0C1917475610}.Debug|Any CPU.ActiveCfg = Debug|Any CPU
		{21F03287-2797-4F4D-AF81-0C1917475610}.Debug|Any CPU.Build.0 = Debug|Any CPU
		{21F03287-2797-4F4D-AF81-0C1917475610}.Release|Any CPU.ActiveCfg = Release|Any CPU
		{21F03287-2797-4F4D-AF81-0C1917475610}.Release|Any CPU.Build.0 = Release|Any CPU
	EndGlobalSection
	GlobalSection(SolutionProperties) = preSolution
		HideSolutionNode = FALSE
	EndGlobalSection
	GlobalSection(ExtensibilityGlobals) = postSolution
		SolutionGuid = {89FC2F14-8176-4ED6-8214-ECBEAE6F0C91}
	EndGlobalSection
EndGlobal
